// !$*UTF8*$!
{
	archiveVersion = 1;
	classes = {
	};
	objectVersion = 56;
	objects = {

/* Begin PBXBuildFile section */
		827CA1542C53F19D00AC2C06 /* DreamApp.swift in Sources */ = {isa = PBXBuildFile; fileRef = 827CA1532C53F19D00AC2C06 /* DreamApp.swift */; };
		827CA1562C53F19D00AC2C06 /* ContentView.swift in Sources */ = {isa = PBXBuildFile; fileRef = 827CA1552C53F19D00AC2C06 /* ContentView.swift */; };
		827CA1582C53F19E00AC2C06 /* Assets.xcassets in Resources */ = {isa = PBXBuildFile; fileRef = 827CA1572C53F19E00AC2C06 /* Assets.xcassets */; };
		827CA15B2C53F19E00AC2C06 /* Preview Assets.xcassets in Resources */ = {isa = PBXBuildFile; fileRef = 827CA15A2C53F19E00AC2C06 /* Preview Assets.xcassets */; };
		827CA1652C53F19E00AC2C06 /* DreamTests.swift in Sources */ = {isa = PBXBuildFile; fileRef = 827CA1642C53F19E00AC2C06 /* DreamTests.swift */; };
		827CA16F2C53F19E00AC2C06 /* DreamUITests.swift in Sources */ = {isa = PBXBuildFile; fileRef = 827CA16E2C53F19E00AC2C06 /* DreamUITests.swift */; };
		827CA1712C53F19E00AC2C06 /* DreamUITestsLaunchTests.swift in Sources */ = {isa = PBXBuildFile; fileRef = 827CA1702C53F19E00AC2C06 /* DreamUITestsLaunchTests.swift */; };
/* End PBXBuildFile section */

/* Begin PBXContainerItemProxy section */
		827CA1612C53F19E00AC2C06 /* PBXContainerItemProxy */ = {
			isa = PBXContainerItemProxy;
			containerPortal = 827CA1482C53F19D00AC2C06 /* Project object */;
			proxyType = 1;
			remoteGlobalIDString = 827CA14F2C53F19D00AC2C06;
			remoteInfo = Dream;
		};
		827CA16B2C53F19E00AC2C06 /* PBXContainerItemProxy */ = {
			isa = PBXContainerItemProxy;
			containerPortal = 827CA1482C53F19D00AC2C06 /* Project object */;
			proxyType = 1;
			remoteGlobalIDString = 827CA14F2C53F19D00AC2C06;
			remoteInfo = Dream;
		};
/* End PBXContainerItemProxy section */

/* Begin PBXFileReference section */
		827CA1502C53F19D00AC2C06 /* Dream.app */ = {isa = PBXFileReference; explicitFileType = wrapper.application; includeInIndex = 0; path = Dream.app; sourceTree = BUILT_PRODUCTS_DIR; };
		827CA1532C53F19D00AC2C06 /* DreamApp.swift */ = {isa = PBXFileReference; lastKnownFileType = sourcecode.swift; path = DreamApp.swift; sourceTree = "<group>"; };
		827CA1552C53F19D00AC2C06 /* ContentView.swift */ = {isa = PBXFileReference; lastKnownFileType = sourcecode.swift; path = ContentView.swift; sourceTree = "<group>"; };
		827CA1572C53F19E00AC2C06 /* Assets.xcassets */ = {isa = PBXFileReference; lastKnownFileType = folder.assetcatalog; path = Assets.xcassets; sourceTree = "<group>"; };
		827CA15A2C53F19E00AC2C06 /* Preview Assets.xcassets */ = {isa = PBXFileReference; lastKnownFileType = folder.assetcatalog; path = "Preview Assets.xcassets"; sourceTree = "<group>"; };
		827CA1602C53F19E00AC2C06 /* DreamTests.xctest */ = {isa = PBXFileReference; explicitFileType = wrapper.cfbundle; includeInIndex = 0; path = DreamTests.xctest; sourceTree = BUILT_PRODUCTS_DIR; };
		827CA1642C53F19E00AC2C06 /* DreamTests.swift */ = {isa = PBXFileReference; lastKnownFileType = sourcecode.swift; path = DreamTests.swift; sourceTree = "<group>"; };
		827CA16A2C53F19E00AC2C06 /* DreamUITests.xctest */ = {isa = PBXFileReference; explicitFileType = wrapper.cfbundle; includeInIndex = 0; path = DreamUITests.xctest; sourceTree = BUILT_PRODUCTS_DIR; };
		827CA16E2C53F19E00AC2C06 /* DreamUITests.swift */ = {isa = PBXFileReference; lastKnownFileType = sourcecode.swift; path = DreamUITests.swift; sourceTree = "<group>"; };
		827CA1702C53F19E00AC2C06 /* DreamUITestsLaunchTests.swift */ = {isa = PBXFileReference; lastKnownFileType = sourcecode.swift; path = DreamUITestsLaunchTests.swift; sourceTree = "<group>"; };
/* End PBXFileReference section */

/* Begin PBXFrameworksBuildPhase section */
		827CA14D2C53F19D00AC2C06 /* Frameworks */ = {
			isa = PBXFrameworksBuildPhase;
			buildActionMask = 2147483647;
			files = (
			);
			runOnlyForDeploymentPostprocessing = 0;
		};
		827CA15D2C53F19E00AC2C06 /* Frameworks */ = {
			isa = PBXFrameworksBuildPhase;
			buildActionMask = 2147483647;
			files = (
			);
			runOnlyForDeploymentPostprocessing = 0;
		};
		827CA1672C53F19E00AC2C06 /* Frameworks */ = {
			isa = PBXFrameworksBuildPhase;
			buildActionMask = 2147483647;
			files = (
			);
			runOnlyForDeploymentPostprocessing = 0;
		};
/* End PBXFrameworksBuildPhase section */

/* Begin PBXGroup section */
		827CA1472C53F19D00AC2C06 = {
			isa = PBXGroup;
			children = (
				827CA1522C53F19D00AC2C06 /* Dream */,
				827CA1632C53F19E00AC2C06 /* DreamTests */,
				827CA16D2C53F19E00AC2C06 /* DreamUITests */,
				827CA1512C53F19D00AC2C06 /* Products */,
			);
			sourceTree = "<group>";
		};
		827CA1512C53F19D00AC2C06 /* Products */ = {
			isa = PBXGroup;
			children = (
				827CA1502C53F19D00AC2C06 /* Dream.app */,
				827CA1602C53F19E00AC2C06 /* DreamTests.xctest */,
				827CA16A2C53F19E00AC2C06 /* DreamUITests.xctest */,
			);
			name = Products;
			sourceTree = "<group>";
		};
		827CA1522C53F19D00AC2C06 /* Dream */ = {
			isa = PBXGroup;
			children = (
				827CA1532C53F19D00AC2C06 /* DreamApp.swift */,
				827CA1552C53F19D00AC2C06 /* ContentView.swift */,
				827CA1572C53F19E00AC2C06 /* Assets.xcassets */,
				827CA1592C53F19E00AC2C06 /* Preview Content */,
			);
			path = Dream;
			sourceTree = "<group>";
		};
		827CA1592C53F19E00AC2C06 /* Preview Content */ = {
			isa = PBXGroup;
			children = (
				827CA15A2C53F19E00AC2C06 /* Preview Assets.xcassets */,
			);
			path = "Preview Content";
			sourceTree = "<group>";
		};
		827CA1632C53F19E00AC2C06 /* DreamTests */ = {
			isa = PBXGroup;
			children = (
				827CA1642C53F19E00AC2C06 /* DreamTests.swift */,
			);
			path = DreamTests;
			sourceTree = "<group>";
		};
		827CA16D2C53F19E00AC2C06 /* DreamUITests */ = {
			isa = PBXGroup;
			children = (
				827CA16E2C53F19E00AC2C06 /* DreamUITests.swift */,
				827CA1702C53F19E00AC2C06 /* DreamUITestsLaunchTests.swift */,
			);
			path = DreamUITests;
			sourceTree = "<group>";
		};
/* End PBXGroup section */

/* Begin PBXNativeTarget section */
		827CA14F2C53F19D00AC2C06 /* Dream */ = {
			isa = PBXNativeTarget;
			buildConfigurationList = 827CA1742C53F19E00AC2C06 /* Build configuration list for PBXNativeTarget "Dream" */;
			buildPhases = (
				827CA14C2C53F19D00AC2C06 /* Sources */,
				827CA14D2C53F19D00AC2C06 /* Frameworks */,
				827CA14E2C53F19D00AC2C06 /* Resources */,
			);
			buildRules = (
			);
			dependencies = (
			);
			name = Dream;
			productName = Dream;
			productReference = 827CA1502C53F19D00AC2C06 /* Dream.app */;
			productType = "com.apple.product-type.application";
		};
		827CA15F2C53F19E00AC2C06 /* DreamTests */ = {
			isa = PBXNativeTarget;
			buildConfigurationList = 827CA1772C53F19E00AC2C06 /* Build configuration list for PBXNativeTarget "DreamTests" */;
			buildPhases = (
				827CA15C2C53F19E00AC2C06 /* Sources */,
				827CA15D2C53F19E00AC2C06 /* Frameworks */,
				827CA15E2C53F19E00AC2C06 /* Resources */,
			);
			buildRules = (
			);
			dependencies = (
				827CA1622C53F19E00AC2C06 /* PBXTargetDependency */,
			);
			name = DreamTests;
			productName = DreamTests;
			productReference = 827CA1602C53F19E00AC2C06 /* DreamTests.xctest */;
			productType = "com.apple.product-type.bundle.unit-test";
		};
		827CA1692C53F19E00AC2C06 /* DreamUITests */ = {
			isa = PBXNativeTarget;
			buildConfigurationList = 827CA17A2C53F19E00AC2C06 /* Build configuration list for PBXNativeTarget "DreamUITests" */;
			buildPhases = (
				827CA1662C53F19E00AC2C06 /* Sources */,
				827CA1672C53F19E00AC2C06 /* Frameworks */,
				827CA1682C53F19E00AC2C06 /* Resources */,
			);
			buildRules = (
			);
			dependencies = (
				827CA16C2C53F19E00AC2C06 /* PBXTargetDependency */,
			);
			name = DreamUITests;
			productName = DreamUITests;
			productReference = 827CA16A2C53F19E00AC2C06 /* DreamUITests.xctest */;
			productType = "com.apple.product-type.bundle.ui-testing";
		};
/* End PBXNativeTarget section */

/* Begin PBXProject section */
		827CA1482C53F19D00AC2C06 /* Project object */ = {
			isa = PBXProject;
			attributes = {
				BuildIndependentTargetsInParallel = 1;
				LastSwiftUpdateCheck = 1530;
				LastUpgradeCheck = 1530;
				TargetAttributes = {
					827CA14F2C53F19D00AC2C06 = {
						CreatedOnToolsVersion = 15.3;
					};
					827CA15F2C53F19E00AC2C06 = {
						CreatedOnToolsVersion = 15.3;
						TestTargetID = 827CA14F2C53F19D00AC2C06;
					};
					827CA1692C53F19E00AC2C06 = {
						CreatedOnToolsVersion = 15.3;
						TestTargetID = 827CA14F2C53F19D00AC2C06;
					};
				};
			};
			buildConfigurationList = 827CA14B2C53F19D00AC2C06 /* Build configuration list for PBXProject "Dream" */;
			compatibilityVersion = "Xcode 14.0";
			developmentRegion = en;
			hasScannedForEncodings = 0;
			knownRegions = (
				en,
				Base,
			);
			mainGroup = 827CA1472C53F19D00AC2C06;
			productRefGroup = 827CA1512C53F19D00AC2C06 /* Products */;
			projectDirPath = "";
			projectRoot = "";
			targets = (
				827CA14F2C53F19D00AC2C06 /* Dream */,
				827CA15F2C53F19E00AC2C06 /* DreamTests */,
				827CA1692C53F19E00AC2C06 /* DreamUITests */,
			);
		};
/* End PBXProject section */

/* Begin PBXResourcesBuildPhase section */
		827CA14E2C53F19D00AC2C06 /* Resources */ = {
			isa = PBXResourcesBuildPhase;
			buildActionMask = 2147483647;
			files = (
				827CA15B2C53F19E00AC2C06 /* Preview Assets.xcassets in Resources */,
				827CA1582C53F19E00AC2C06 /* Assets.xcassets in Resources */,
			);
			runOnlyForDeploymentPostprocessing = 0;
		};
		827CA15E2C53F19E00AC2C06 /* Resources */ = {
			isa = PBXResourcesBuildPhase;
			buildActionMask = 2147483647;
			files = (
			);
			runOnlyForDeploymentPostprocessing = 0;
		};
		827CA1682C53F19E00AC2C06 /* Resources */ = {
			isa = PBXResourcesBuildPhase;
			buildActionMask = 2147483647;
			files = (
			);
			runOnlyForDeploymentPostprocessing = 0;
		};
/* End PBXResourcesBuildPhase section */

/* Begin PBXSourcesBuildPhase section */
		827CA14C2C53F19D00AC2C06 /* Sources */ = {
			isa = PBXSourcesBuildPhase;
			buildActionMask = 2147483647;
			files = (
				827CA1562C53F19D00AC2C06 /* ContentView.swift in Sources */,
				827CA1542C53F19D00AC2C06 /* DreamApp.swift in Sources */,
			);
			runOnlyForDeploymentPostprocessing = 0;
		};
		827CA15C2C53F19E00AC2C06 /* Sources */ = {
			isa = PBXSourcesBuildPhase;
			buildActionMask = 2147483647;
			files = (
				827CA1652C53F19E00AC2C06 /* DreamTests.swift in Sources */,
			);
			runOnlyForDeploymentPostprocessing = 0;
		};
		827CA1662C53F19E00AC2C06 /* Sources */ = {
			isa = PBXSourcesBuildPhase;
			buildActionMask = 2147483647;
			files = (
				827CA1712C53F19E00AC2C06 /* DreamUITestsLaunchTests.swift in Sources */,
				827CA16F2C53F19E00AC2C06 /* DreamUITests.swift in Sources */,
			);
			runOnlyForDeploymentPostprocessing = 0;
		};
/* End PBXSourcesBuildPhase section */

/* Begin PBXTargetDependency section */
		827CA1622C53F19E00AC2C06 /* PBXTargetDependency */ = {
			isa = PBXTargetDependency;
			target = 827CA14F2C53F19D00AC2C06 /* Dream */;
			targetProxy = 827CA1612C53F19E00AC2C06 /* PBXContainerItemProxy */;
		};
		827CA16C2C53F19E00AC2C06 /* PBXTargetDependency */ = {
			isa = PBXTargetDependency;
			target = 827CA14F2C53F19D00AC2C06 /* Dream */;
			targetProxy = 827CA16B2C53F19E00AC2C06 /* PBXContainerItemProxy */;
		};
/* End PBXTargetDependency section */

/* Begin XCBuildConfiguration section */
		827CA1722C53F19E00AC2C06 /* Debug */ = {
			isa = XCBuildConfiguration;
			buildSettings = {
				ALWAYS_SEARCH_USER_PATHS = NO;
				ASSETCATALOG_COMPILER_GENERATE_SWIFT_ASSET_SYMBOL_EXTENSIONS = YES;
				CLANG_ANALYZER_NONNULL = YES;
				CLANG_ANALYZER_NUMBER_OBJECT_CONVERSION = YES_AGGRESSIVE;
				CLANG_CXX_LANGUAGE_STANDARD = "gnu++20";
				CLANG_ENABLE_MODULES = YES;
				CLANG_ENABLE_OBJC_ARC = YES;
				CLANG_ENABLE_OBJC_WEAK = YES;
				CLANG_WARN_BLOCK_CAPTURE_AUTORELEASING = YES;
				CLANG_WARN_BOOL_CONVERSION = YES;
				CLANG_WARN_COMMA = YES;
				CLANG_WARN_CONSTANT_CONVERSION = YES;
				CLANG_WARN_DEPRECATED_OBJC_IMPLEMENTATIONS = YES;
				CLANG_WARN_DIRECT_OBJC_ISA_USAGE = YES_ERROR;
				CLANG_WARN_DOCUMENTATION_COMMENTS = YES;
				CLANG_WARN_EMPTY_BODY = YES;
				CLANG_WARN_ENUM_CONVERSION = YES;
				CLANG_WARN_INFINITE_RECURSION = YES;
				CLANG_WARN_INT_CONVERSION = YES;
				CLANG_WARN_NON_LITERAL_NULL_CONVERSION = YES;
				CLANG_WARN_OBJC_IMPLICIT_RETAIN_SELF = YES;
				CLANG_WARN_OBJC_LITERAL_CONVERSION = YES;
				CLANG_WARN_OBJC_ROOT_CLASS = YES_ERROR;
				CLANG_WARN_QUOTED_INCLUDE_IN_FRAMEWORK_HEADER = YES;
				CLANG_WARN_RANGE_LOOP_ANALYSIS = YES;
				CLANG_WARN_STRICT_PROTOTYPES = YES;
				CLANG_WARN_SUSPICIOUS_MOVE = YES;
				CLANG_WARN_UNGUARDED_AVAILABILITY = YES_AGGRESSIVE;
				CLANG_WARN_UNREACHABLE_CODE = YES;
				CLANG_WARN__DUPLICATE_METHOD_MATCH = YES;
				COPY_PHASE_STRIP = NO;
				DEBUG_INFORMATION_FORMAT = dwarf;
				ENABLE_STRICT_OBJC_MSGSEND = YES;
				ENABLE_TESTABILITY = YES;
				ENABLE_USER_SCRIPT_SANDBOXING = YES;
				GCC_C_LANGUAGE_STANDARD = gnu17;
				GCC_DYNAMIC_NO_PIC = NO;
				GCC_NO_COMMON_BLOCKS = YES;
				GCC_OPTIMIZATION_LEVEL = 0;
				GCC_PREPROCESSOR_DEFINITIONS = (
					"DEBUG=1",
					"$(inherited)",
				);
				GCC_WARN_64_TO_32_BIT_CONVERSION = YES;
				GCC_WARN_ABOUT_RETURN_TYPE = YES_ERROR;
				GCC_WARN_UNDECLARED_SELECTOR = YES;
				GCC_WARN_UNINITIALIZED_AUTOS = YES_AGGRESSIVE;
				GCC_WARN_UNUSED_FUNCTION = YES;
				GCC_WARN_UNUSED_VARIABLE = YES;
				IPHONEOS_DEPLOYMENT_TARGET = 17.4;
				LOCALIZATION_PREFERS_STRING_CATALOGS = YES;
				MTL_ENABLE_DEBUG_INFO = INCLUDE_SOURCE;
				MTL_FAST_MATH = YES;
				ONLY_ACTIVE_ARCH = YES;
				SDKROOT = iphoneos;
				SWIFT_ACTIVE_COMPILATION_CONDITIONS = "DEBUG $(inherited)";
				SWIFT_OPTIMIZATION_LEVEL = "-Onone";
			};
			name = Debug;
		};
		827CA1732C53F19E00AC2C06 /* Release */ = {
			isa = XCBuildConfiguration;
			buildSettings = {
				ALWAYS_SEARCH_USER_PATHS = NO;
				ASSETCATALOG_COMPILER_GENERATE_SWIFT_ASSET_SYMBOL_EXTENSIONS = YES;
				CLANG_ANALYZER_NONNULL = YES;
				CLANG_ANALYZER_NUMBER_OBJECT_CONVERSION = YES_AGGRESSIVE;
				CLANG_CXX_LANGUAGE_STANDARD = "gnu++20";
				CLANG_ENABLE_MODULES = YES;
				CLANG_ENABLE_OBJC_ARC = YES;
				CLANG_ENABLE_OBJC_WEAK = YES;
				CLANG_WARN_BLOCK_CAPTURE_AUTORELEASING = YES;
				CLANG_WARN_BOOL_CONVERSION = YES;
				CLANG_WARN_COMMA = YES;
				CLANG_WARN_CONSTANT_CONVERSION = YES;
				CLANG_WARN_DEPRECATED_OBJC_IMPLEMENTATIONS = YES;
				CLANG_WARN_DIRECT_OBJC_ISA_USAGE = YES_ERROR;
				CLANG_WARN_DOCUMENTATION_COMMENTS = YES;
				CLANG_WARN_EMPTY_BODY = YES;
				CLANG_WARN_ENUM_CONVERSION = YES;
				CLANG_WARN_INFINITE_RECURSION = YES;
				CLANG_WARN_INT_CONVERSION = YES;
				CLANG_WARN_NON_LITERAL_NULL_CONVERSION = YES;
				CLANG_WARN_OBJC_IMPLICIT_RETAIN_SELF = YES;
				CLANG_WARN_OBJC_LITERAL_CONVERSION = YES;
				CLANG_WARN_OBJC_ROOT_CLASS = YES_ERROR;
				CLANG_WARN_QUOTED_INCLUDE_IN_FRAMEWORK_HEADER = YES;
				CLANG_WARN_RANGE_LOOP_ANALYSIS = YES;
				CLANG_WARN_STRICT_PROTOTYPES = YES;
				CLANG_WARN_SUSPICIOUS_MOVE = YES;
				CLANG_WARN_UNGUARDED_AVAILABILITY = YES_AGGRESSIVE;
				CLANG_WARN_UNREACHABLE_CODE = YES;
				CLANG_WARN__DUPLICATE_METHOD_MATCH = YES;
				COPY_PHASE_STRIP = NO;
				DEBUG_INFORMATION_FORMAT = "dwarf-with-dsym";
				ENABLE_NS_ASSERTIONS = NO;
				ENABLE_STRICT_OBJC_MSGSEND = YES;
				ENABLE_USER_SCRIPT_SANDBOXING = YES;
				GCC_C_LANGUAGE_STANDARD = gnu17;
				GCC_NO_COMMON_BLOCKS = YES;
				GCC_WARN_64_TO_32_BIT_CONVERSION = YES;
				GCC_WARN_ABOUT_RETURN_TYPE = YES_ERROR;
				GCC_WARN_UNDECLARED_SELECTOR = YES;
				GCC_WARN_UNINITIALIZED_AUTOS = YES_AGGRESSIVE;
				GCC_WARN_UNUSED_FUNCTION = YES;
				GCC_WARN_UNUSED_VARIABLE = YES;
				IPHONEOS_DEPLOYMENT_TARGET = 17.4;
				LOCALIZATION_PREFERS_STRING_CATALOGS = YES;
				MTL_ENABLE_DEBUG_INFO = NO;
				MTL_FAST_MATH = YES;
				SDKROOT = iphoneos;
				SWIFT_COMPILATION_MODE = wholemodule;
				VALIDATE_PRODUCT = YES;
			};
			name = Release;
		};
		827CA1752C53F19E00AC2C06 /* Debug */ = {
			isa = XCBuildConfiguration;
			buildSettings = {
				ASSETCATALOG_COMPILER_APPICON_NAME = AppIcon;
				ASSETCATALOG_COMPILER_GLOBAL_ACCENT_COLOR_NAME = AccentColor;
				CODE_SIGN_STYLE = Automatic;
				CURRENT_PROJECT_VERSION = 1;
				DEVELOPMENT_ASSET_PATHS = "\"Dream/Preview Content\"";
				DEVELOPMENT_TEAM = 3V68HSNPB4;
				ENABLE_PREVIEWS = YES;
				GENERATE_INFOPLIST_FILE = YES;
				INFOPLIST_KEY_UIApplicationSceneManifest_Generation = YES;
				INFOPLIST_KEY_UIApplicationSupportsIndirectInputEvents = YES;
				INFOPLIST_KEY_UILaunchScreen_Generation = YES;
				INFOPLIST_KEY_UISupportedInterfaceOrientations_iPad = "UIInterfaceOrientationPortrait UIInterfaceOrientationPortraitUpsideDown UIInterfaceOrientationLandscapeLeft UIInterfaceOrientationLandscapeRight";
				INFOPLIST_KEY_UISupportedInterfaceOrientations_iPhone = "UIInterfaceOrientationPortrait UIInterfaceOrientationLandscapeLeft UIInterfaceOrientationLandscapeRight";
				LD_RUNPATH_SEARCH_PATHS = (
					"$(inherited)",
					"@executable_path/Frameworks",
				);
				MARKETING_VERSION = 1.0;
				PRODUCT_BUNDLE_IDENTIFIER = cassius.Dream;
				PRODUCT_NAME = "$(TARGET_NAME)";
				SWIFT_EMIT_LOC_STRINGS = YES;
				SWIFT_VERSION = 5.0;
				TARGETED_DEVICE_FAMILY = "1,2";
			};
			name = Debug;
		};
		827CA1762C53F19E00AC2C06 /* Release */ = {
			isa = XCBuildConfiguration;
			buildSettings = {
				ASSETCATALOG_COMPILER_APPICON_NAME = AppIcon;
				ASSETCATALOG_COMPILER_GLOBAL_ACCENT_COLOR_NAME = AccentColor;
				CODE_SIGN_STYLE = Automatic;
				CURRENT_PROJECT_VERSION = 1;
				DEVELOPMENT_ASSET_PATHS = "\"Dream/Preview Content\"";
				DEVELOPMENT_TEAM = 3V68HSNPB4;
				ENABLE_PREVIEWS = YES;
				GENERATE_INFOPLIST_FILE = YES;
				INFOPLIST_KEY_UIApplicationSceneManifest_Generation = YES;
				INFOPLIST_KEY_UIApplicationSupportsIndirectInputEvents = YES;
				INFOPLIST_KEY_UILaunchScreen_Generation = YES;
				INFOPLIST_KEY_UISupportedInterfaceOrientations_iPad = "UIInterfaceOrientationPortrait UIInterfaceOrientationPortraitUpsideDown UIInterfaceOrientationLandscapeLeft UIInterfaceOrientationLandscapeRight";
				INFOPLIST_KEY_UISupportedInterfaceOrientations_iPhone = "UIInterfaceOrientationPortrait UIInterfaceOrientationLandscapeLeft UIInterfaceOrientationLandscapeRight";
				LD_RUNPATH_SEARCH_PATHS = (
					"$(inherited)",
					"@executable_path/Frameworks",
				);
				MARKETING_VERSION = 1.0;
				PRODUCT_BUNDLE_IDENTIFIER = cassius.Dream;
				PRODUCT_NAME = "$(TARGET_NAME)";
				SWIFT_EMIT_LOC_STRINGS = YES;
				SWIFT_VERSION = 5.0;
				TARGETED_DEVICE_FAMILY = "1,2";
			};
			name = Release;
		};
		827CA1782C53F19E00AC2C06 /* Debug */ = {
			isa = XCBuildConfiguration;
			buildSettings = {
				ALWAYS_EMBED_SWIFT_STANDARD_LIBRARIES = YES;
				BUNDLE_LOADER = "$(TEST_HOST)";
				CODE_SIGN_STYLE = Automatic;
				CURRENT_PROJECT_VERSION = 1;
				DEVELOPMENT_TEAM = 3V68HSNPB4;
				GENERATE_INFOPLIST_FILE = YES;
				IPHONEOS_DEPLOYMENT_TARGET = 17.4;
				MARKETING_VERSION = 1.0;
				PRODUCT_BUNDLE_IDENTIFIER = cassius.DreamTests;
				PRODUCT_NAME = "$(TARGET_NAME)";
				SWIFT_EMIT_LOC_STRINGS = NO;
				SWIFT_VERSION = 5.0;
				TARGETED_DEVICE_FAMILY = "1,2";
				TEST_HOST = "$(BUILT_PRODUCTS_DIR)/Dream.app/$(BUNDLE_EXECUTABLE_FOLDER_PATH)/Dream";
			};
			name = Debug;
		};
		827CA1792C53F19E00AC2C06 /* Release */ = {
			isa = XCBuildConfiguration;
			buildSettings = {
				ALWAYS_EMBED_SWIFT_STANDARD_LIBRARIES = YES;
				BUNDLE_LOADER = "$(TEST_HOST)";
				CODE_SIGN_STYLE = Automatic;
				CURRENT_PROJECT_VERSION = 1;
				DEVELOPMENT_TEAM = 3V68HSNPB4;
				GENERATE_INFOPLIST_FILE = YES;
				IPHONEOS_DEPLOYMENT_TARGET = 17.4;
				MARKETING_VERSION = 1.0;
				PRODUCT_BUNDLE_IDENTIFIER = cassius.DreamTests;
				PRODUCT_NAME = "$(TARGET_NAME)";
				SWIFT_EMIT_LOC_STRINGS = NO;
				SWIFT_VERSION = 5.0;
				TARGETED_DEVICE_FAMILY = "1,2";
				TEST_HOST = "$(BUILT_PRODUCTS_DIR)/Dream.app/$(BUNDLE_EXECUTABLE_FOLDER_PATH)/Dream";
			};
			name = Release;
		};
		827CA17B2C53F19E00AC2C06 /* Debug */ = {
			isa = XCBuildConfiguration;
			buildSettings = {
				ALWAYS_EMBED_SWIFT_STANDARD_LIBRARIES = YES;
				CODE_SIGN_STYLE = Automatic;
				CURRENT_PROJECT_VERSION = 1;
				DEVELOPMENT_TEAM = 3V68HSNPB4;
				GENERATE_INFOPLIST_FILE = YES;
				MARKETING_VERSION = 1.0;
				PRODUCT_BUNDLE_IDENTIFIER = cassius.DreamUITests;
				PRODUCT_NAME = "$(TARGET_NAME)";
				SWIFT_EMIT_LOC_STRINGS = NO;
				SWIFT_VERSION = 5.0;
				TARGETED_DEVICE_FAMILY = "1,2";
				TEST_TARGET_NAME = Dream;
			};
			name = Debug;
		};
		827CA17C2C53F19E00AC2C06 /* Release */ = {
			isa = XCBuildConfiguration;
			buildSettings = {
				ALWAYS_EMBED_SWIFT_STANDARD_LIBRARIES = YES;
				CODE_SIGN_STYLE = Automatic;
				CURRENT_PROJECT_VERSION = 1;
				DEVELOPMENT_TEAM = 3V68HSNPB4;
				GENERATE_INFOPLIST_FILE = YES;
				MARKETING_VERSION = 1.0;
				PRODUCT_BUNDLE_IDENTIFIER = cassius.DreamUITests;
				PRODUCT_NAME = "$(TARGET_NAME)";
				SWIFT_EMIT_LOC_STRINGS = NO;
				SWIFT_VERSION = 5.0;
				TARGETED_DEVICE_FAMILY = "1,2";
				TEST_TARGET_NAME = Dream;
			};
			name = Release;
		};
/* End XCBuildConfiguration section */

/* Begin XCConfigurationList section */
		827CA14B2C53F19D00AC2C06 /* Build configuration list for PBXProject "Dream" */ = {
			isa = XCConfigurationList;
			buildConfigurations = (
				827CA1722C53F19E00AC2C06 /* Debug */,
				827CA1732C53F19E00AC2C06 /* Release */,
			);
			defaultConfigurationIsVisible = 0;
			defaultConfigurationName = Release;
		};
		827CA1742C53F19E00AC2C06 /* Build configuration list for PBXNativeTarget "Dream" */ = {
			isa = XCConfigurationList;
			buildConfigurations = (
				827CA1752C53F19E00AC2C06 /* Debug */,
				827CA1762C53F19E00AC2C06 /* Release */,
			);
			defaultConfigurationIsVisible = 0;
			defaultConfigurationName = Release;
		};
		827CA1772C53F19E00AC2C06 /* Build configuration list for PBXNativeTarget "DreamTests" */ = {
			isa = XCConfigurationList;
			buildConfigurations = (
				827CA1782C53F19E00AC2C06 /* Debug */,
				827CA1792C53F19E00AC2C06 /* Release */,
			);
			defaultConfigurationIsVisible = 0;
			defaultConfigurationName = Release;
		};
		827CA17A2C53F19E00AC2C06 /* Build configuration list for PBXNativeTarget "DreamUITests" */ = {
			isa = XCConfigurationList;
			buildConfigurations = (
				827CA17B2C53F19E00AC2C06 /* Debug */,
				827CA17C2C53F19E00AC2C06 /* Release */,
			);
			defaultConfigurationIsVisible = 0;
			defaultConfigurationName = Release;
		};
/* End XCConfigurationList section */
	};
	rootObject = 827CA1482C53F19D00AC2C06 /* Project object */;
}
